// !$*UTF8*$!
{
	archiveVersion = 1;
	classes = {
	};
	objectVersion = 56;
	objects = {

/* Begin PBXBuildFile section */
		042633052C09848400B2D495 /* LandingPage.swift in Sources */ = {isa = PBXBuildFile; fileRef = 042633042C09848300B2D495 /* LandingPage.swift */; };
		042633072C09849A00B2D495 /* LandingPageVM.swift in Sources */ = {isa = PBXBuildFile; fileRef = 042633062C09849A00B2D495 /* LandingPageVM.swift */; };
		0443767A2C005BC500BA8C04 /* MainPageVM.swift in Sources */ = {isa = PBXBuildFile; fileRef = 044376792C005BC500BA8C04 /* MainPageVM.swift */; };
		04527CAC2BF5D45400E8218C /* ALP_MADApp.swift in Sources */ = {isa = PBXBuildFile; fileRef = 04527CAB2BF5D45400E8218C /* ALP_MADApp.swift */; };
		04527CAE2BF5D45400E8218C /* ContentView.swift in Sources */ = {isa = PBXBuildFile; fileRef = 04527CAD2BF5D45400E8218C /* ContentView.swift */; };
		04527CB02BF5D45500E8218C /* Assets.xcassets in Resources */ = {isa = PBXBuildFile; fileRef = 04527CAF2BF5D45500E8218C /* Assets.xcassets */; };
		04527CB32BF5D45500E8218C /* Preview Assets.xcassets in Resources */ = {isa = PBXBuildFile; fileRef = 04527CB22BF5D45500E8218C /* Preview Assets.xcassets */; };
		04527CBD2BF5D5AC00E8218C /* AuthenticationManager.swift in Sources */ = {isa = PBXBuildFile; fileRef = 04527CBC2BF5D5AC00E8218C /* AuthenticationManager.swift */; };
		04527CC42BF5D62F00E8218C /* SignUpPage.swift in Sources */ = {isa = PBXBuildFile; fileRef = 04527CC32BF5D62F00E8218C /* SignUpPage.swift */; };
		04527CC62BF5D63900E8218C /* LoginPage.swift in Sources */ = {isa = PBXBuildFile; fileRef = 04527CC52BF5D63900E8218C /* LoginPage.swift */; };
		04527CCA2BF5D67F00E8218C /* SignUpVM.swift in Sources */ = {isa = PBXBuildFile; fileRef = 04527CC92BF5D67F00E8218C /* SignUpVM.swift */; };
		04527CCC2BF5D83900E8218C /* GoogleService-Info.plist in Resources */ = {isa = PBXBuildFile; fileRef = 04527CCB2BF5D83900E8218C /* GoogleService-Info.plist */; };
		04527CCE2BF5DC6E00E8218C /* RootView.swift in Sources */ = {isa = PBXBuildFile; fileRef = 04527CCD2BF5DC6E00E8218C /* RootView.swift */; };
		04527CD02BF61E3900E8218C /* LoginVM.swift in Sources */ = {isa = PBXBuildFile; fileRef = 04527CCF2BF61E3900E8218C /* LoginVM.swift */; };
		04527CD22BF622BD00E8218C /* MainPage.swift in Sources */ = {isa = PBXBuildFile; fileRef = 04527CD12BF622BD00E8218C /* MainPage.swift */; };
		0468FB822C0998150031ABDF /* FirebaseAuth in Frameworks */ = {isa = PBXBuildFile; productRef = 0468FB812C0998150031ABDF /* FirebaseAuth */; };
		0468FB842C0998150031ABDF /* FirebaseFirestore in Frameworks */ = {isa = PBXBuildFile; productRef = 0468FB832C0998150031ABDF /* FirebaseFirestore */; };
		0468FB862C0998150031ABDF /* FirebaseStorage in Frameworks */ = {isa = PBXBuildFile; productRef = 0468FB852C0998150031ABDF /* FirebaseStorage */; };
		04C06C272C0CC48C00F754D4 /* CreateFeedVM.swift in Sources */ = {isa = PBXBuildFile; fileRef = 04C06C262C0CC48C00F754D4 /* CreateFeedVM.swift */; };
		04C681512BF8FF1C006D3576 /* Settings.swift in Sources */ = {isa = PBXBuildFile; fileRef = 04C681502BF8FF1C006D3576 /* Settings.swift */; };
		04C6EAA32C08399800858C29 /* FeedVM.swift in Sources */ = {isa = PBXBuildFile; fileRef = 04C6EAA22C08399800858C29 /* FeedVM.swift */; };
		04C6EAA52C083A2000858C29 /* CreateFeedPage.swift in Sources */ = {isa = PBXBuildFile; fileRef = 04C6EAA42C083A2000858C29 /* CreateFeedPage.swift */; };
		04C6EAA72C083A3E00858C29 /* FeedsPage.swift in Sources */ = {isa = PBXBuildFile; fileRef = 04C6EAA62C083A3E00858C29 /* FeedsPage.swift */; };
		04C6EAA92C089A4900858C29 /* ImagePicker.swift in Sources */ = {isa = PBXBuildFile; fileRef = 04C6EAA82C089A4900858C29 /* ImagePicker.swift */; };
		04C6EAAB2C08C1D300858C29 /* FirebaseManager.swift in Sources */ = {isa = PBXBuildFile; fileRef = 04C6EAAA2C08C1D300858C29 /* FirebaseManager.swift */; };
/* End PBXBuildFile section */

/* Begin PBXFileReference section */
		042633042C09848300B2D495 /* LandingPage.swift */ = {isa = PBXFileReference; fileEncoding = 4; lastKnownFileType = sourcecode.swift; path = LandingPage.swift; sourceTree = "<group>"; };
		042633062C09849A00B2D495 /* LandingPageVM.swift */ = {isa = PBXFileReference; fileEncoding = 4; lastKnownFileType = sourcecode.swift; path = LandingPageVM.swift; sourceTree = "<group>"; };
		044376792C005BC500BA8C04 /* MainPageVM.swift */ = {isa = PBXFileReference; lastKnownFileType = sourcecode.swift; path = MainPageVM.swift; sourceTree = "<group>"; };
		04527CA82BF5D45400E8218C /* HeartLink.app */ = {isa = PBXFileReference; explicitFileType = wrapper.application; includeInIndex = 0; path = HeartLink.app; sourceTree = BUILT_PRODUCTS_DIR; };
		04527CAB2BF5D45400E8218C /* ALP_MADApp.swift */ = {isa = PBXFileReference; lastKnownFileType = sourcecode.swift; path = ALP_MADApp.swift; sourceTree = "<group>"; };
		04527CAD2BF5D45400E8218C /* ContentView.swift */ = {isa = PBXFileReference; lastKnownFileType = sourcecode.swift; path = ContentView.swift; sourceTree = "<group>"; };
		04527CAF2BF5D45500E8218C /* Assets.xcassets */ = {isa = PBXFileReference; lastKnownFileType = folder.assetcatalog; path = Assets.xcassets; sourceTree = "<group>"; };
		04527CB22BF5D45500E8218C /* Preview Assets.xcassets */ = {isa = PBXFileReference; lastKnownFileType = folder.assetcatalog; path = "Preview Assets.xcassets"; sourceTree = "<group>"; };
		04527CB92BF5D56400E8218C /* ALP_MAD.entitlements */ = {isa = PBXFileReference; lastKnownFileType = text.plist.entitlements; path = ALP_MAD.entitlements; sourceTree = "<group>"; };
		04527CBC2BF5D5AC00E8218C /* AuthenticationManager.swift */ = {isa = PBXFileReference; lastKnownFileType = sourcecode.swift; path = AuthenticationManager.swift; sourceTree = "<group>"; };
		04527CC32BF5D62F00E8218C /* SignUpPage.swift */ = {isa = PBXFileReference; lastKnownFileType = sourcecode.swift; path = SignUpPage.swift; sourceTree = "<group>"; };
		04527CC52BF5D63900E8218C /* LoginPage.swift */ = {isa = PBXFileReference; lastKnownFileType = sourcecode.swift; path = LoginPage.swift; sourceTree = "<group>"; };
		04527CC92BF5D67F00E8218C /* SignUpVM.swift */ = {isa = PBXFileReference; lastKnownFileType = sourcecode.swift; path = SignUpVM.swift; sourceTree = "<group>"; };
		04527CCB2BF5D83900E8218C /* GoogleService-Info.plist */ = {isa = PBXFileReference; fileEncoding = 4; lastKnownFileType = text.plist.xml; path = "GoogleService-Info.plist"; sourceTree = "<group>"; };
		04527CCD2BF5DC6E00E8218C /* RootView.swift */ = {isa = PBXFileReference; lastKnownFileType = sourcecode.swift; path = RootView.swift; sourceTree = "<group>"; };
		04527CCF2BF61E3900E8218C /* LoginVM.swift */ = {isa = PBXFileReference; lastKnownFileType = sourcecode.swift; path = LoginVM.swift; sourceTree = "<group>"; };
		04527CD12BF622BD00E8218C /* MainPage.swift */ = {isa = PBXFileReference; lastKnownFileType = sourcecode.swift; path = MainPage.swift; sourceTree = "<group>"; };
		04C06C262C0CC48C00F754D4 /* CreateFeedVM.swift */ = {isa = PBXFileReference; lastKnownFileType = sourcecode.swift; path = CreateFeedVM.swift; sourceTree = "<group>"; };
		04C681502BF8FF1C006D3576 /* Settings.swift */ = {isa = PBXFileReference; lastKnownFileType = sourcecode.swift; path = Settings.swift; sourceTree = "<group>"; };
		04C681522BF9114B006D3576 /* ALP-MAD-Info.plist */ = {isa = PBXFileReference; lastKnownFileType = text.plist; path = "ALP-MAD-Info.plist"; sourceTree = SOURCE_ROOT; };
		04C6EAA22C08399800858C29 /* FeedVM.swift */ = {isa = PBXFileReference; lastKnownFileType = sourcecode.swift; path = FeedVM.swift; sourceTree = "<group>"; };
		04C6EAA42C083A2000858C29 /* CreateFeedPage.swift */ = {isa = PBXFileReference; lastKnownFileType = sourcecode.swift; path = CreateFeedPage.swift; sourceTree = "<group>"; };
		04C6EAA62C083A3E00858C29 /* FeedsPage.swift */ = {isa = PBXFileReference; lastKnownFileType = sourcecode.swift; path = FeedsPage.swift; sourceTree = "<group>"; };
		04C6EAA82C089A4900858C29 /* ImagePicker.swift */ = {isa = PBXFileReference; lastKnownFileType = sourcecode.swift; path = ImagePicker.swift; sourceTree = "<group>"; };
		04C6EAAA2C08C1D300858C29 /* FirebaseManager.swift */ = {isa = PBXFileReference; lastKnownFileType = sourcecode.swift; path = FirebaseManager.swift; sourceTree = "<group>"; };
/* End PBXFileReference section */

/* Begin PBXFrameworksBuildPhase section */
		04527CA52BF5D45400E8218C /* Frameworks */ = {
			isa = PBXFrameworksBuildPhase;
			buildActionMask = 2147483647;
			files = (
				0468FB822C0998150031ABDF /* FirebaseAuth in Frameworks */,
				0468FB842C0998150031ABDF /* FirebaseFirestore in Frameworks */,
				0468FB862C0998150031ABDF /* FirebaseStorage in Frameworks */,
			);
			runOnlyForDeploymentPostprocessing = 0;
		};
/* End PBXFrameworksBuildPhase section */

/* Begin PBXGroup section */
		04527C9F2BF5D45400E8218C = {
			isa = PBXGroup;
			children = (
				04527CAA2BF5D45400E8218C /* ALP_MAD */,
				04527CA92BF5D45400E8218C /* Products */,
				04C2F1052C08E2AE00A56802 /* Frameworks */,
			);
			sourceTree = "<group>";
		};
		04527CA92BF5D45400E8218C /* Products */ = {
			isa = PBXGroup;
			children = (
				04527CA82BF5D45400E8218C /* HeartLink.app */,
			);
			name = Products;
			sourceTree = "<group>";
		};
		04527CAA2BF5D45400E8218C /* ALP_MAD */ = {
			isa = PBXGroup;
			children = (
				04C681522BF9114B006D3576 /* ALP-MAD-Info.plist */,
				04527CB92BF5D56400E8218C /* ALP_MAD.entitlements */,
				04527CAB2BF5D45400E8218C /* ALP_MADApp.swift */,
				04527CAD2BF5D45400E8218C /* ContentView.swift */,
				04527CBB2BF5D59700E8218C /* ViewModel */,
				04527CBA2BF5D58E00E8218C /* View */,
				04527CCD2BF5DC6E00E8218C /* RootView.swift */,
				04527CBC2BF5D5AC00E8218C /* AuthenticationManager.swift */,
				04C6EAAA2C08C1D300858C29 /* FirebaseManager.swift */,
				04527CCB2BF5D83900E8218C /* GoogleService-Info.plist */,
				04527CAF2BF5D45500E8218C /* Assets.xcassets */,
				04527CB12BF5D45500E8218C /* Preview Content */,
			);
			path = ALP_MAD;
			sourceTree = "<group>";
		};
		04527CB12BF5D45500E8218C /* Preview Content */ = {
			isa = PBXGroup;
			children = (
				04527CB22BF5D45500E8218C /* Preview Assets.xcassets */,
			);
			path = "Preview Content";
			sourceTree = "<group>";
		};
		04527CBA2BF5D58E00E8218C /* View */ = {
			isa = PBXGroup;
			children = (
				042633042C09848300B2D495 /* LandingPage.swift */,
				04527CC32BF5D62F00E8218C /* SignUpPage.swift */,
				04527CC52BF5D63900E8218C /* LoginPage.swift */,
				04527CD12BF622BD00E8218C /* MainPage.swift */,
				04C681502BF8FF1C006D3576 /* Settings.swift */,
				04C6EAA42C083A2000858C29 /* CreateFeedPage.swift */,
				04C6EAA62C083A3E00858C29 /* FeedsPage.swift */,
			);
			path = View;
			sourceTree = "<group>";
		};
		04527CBB2BF5D59700E8218C /* ViewModel */ = {
			isa = PBXGroup;
			children = (
				042633062C09849A00B2D495 /* LandingPageVM.swift */,
				04527CC92BF5D67F00E8218C /* SignUpVM.swift */,
				04527CCF2BF61E3900E8218C /* LoginVM.swift */,
				044376792C005BC500BA8C04 /* MainPageVM.swift */,
				04C6EAA22C08399800858C29 /* FeedVM.swift */,
				04C6EAA82C089A4900858C29 /* ImagePicker.swift */,
				04C06C262C0CC48C00F754D4 /* CreateFeedVM.swift */,
			);
			path = ViewModel;
			sourceTree = "<group>";
		};
		04C2F1052C08E2AE00A56802 /* Frameworks */ = {
			isa = PBXGroup;
			children = (
			);
			name = Frameworks;
			sourceTree = "<group>";
		};
/* End PBXGroup section */

/* Begin PBXNativeTarget section */
		04527CA72BF5D45400E8218C /* ALP_MAD */ = {
			isa = PBXNativeTarget;
			buildConfigurationList = 04527CB62BF5D45500E8218C /* Build configuration list for PBXNativeTarget "ALP_MAD" */;
			buildPhases = (
				04527CA42BF5D45400E8218C /* Sources */,
				04527CA52BF5D45400E8218C /* Frameworks */,
				04527CA62BF5D45400E8218C /* Resources */,
			);
			buildRules = (
			);
			dependencies = (
			);
			name = ALP_MAD;
			packageProductDependencies = (
				0468FB812C0998150031ABDF /* FirebaseAuth */,
				0468FB832C0998150031ABDF /* FirebaseFirestore */,
				0468FB852C0998150031ABDF /* FirebaseStorage */,
			);
			productName = ALP_MAD;
			productReference = 04527CA82BF5D45400E8218C /* HeartLink.app */;
			productType = "com.apple.product-type.application";
		};
/* End PBXNativeTarget section */

/* Begin PBXProject section */
		04527CA02BF5D45400E8218C /* Project object */ = {
			isa = PBXProject;
			attributes = {
				BuildIndependentTargetsInParallel = 1;
				LastSwiftUpdateCheck = 1530;
				LastUpgradeCheck = 1530;
				ORGANIZATIONNAME = test;
				TargetAttributes = {
					04527CA72BF5D45400E8218C = {
						CreatedOnToolsVersion = 15.3;
					};
				};
			};
			buildConfigurationList = 04527CA32BF5D45400E8218C /* Build configuration list for PBXProject "ALP_MAD" */;
			compatibilityVersion = "Xcode 14.0";
			developmentRegion = en;
			hasScannedForEncodings = 0;
			knownRegions = (
				en,
				Base,
			);
			mainGroup = 04527C9F2BF5D45400E8218C;
			packageReferences = (
				045F18982C09618100C080C2 /* XCRemoteSwiftPackageReference "firebase-ios-sdk" */,
			);
			productRefGroup = 04527CA92BF5D45400E8218C /* Products */;
			projectDirPath = "";
			projectRoot = "";
			targets = (
				04527CA72BF5D45400E8218C /* ALP_MAD */,
			);
		};
/* End PBXProject section */

/* Begin PBXResourcesBuildPhase section */
		04527CA62BF5D45400E8218C /* Resources */ = {
			isa = PBXResourcesBuildPhase;
			buildActionMask = 2147483647;
			files = (
				04527CB32BF5D45500E8218C /* Preview Assets.xcassets in Resources */,
				04527CCC2BF5D83900E8218C /* GoogleService-Info.plist in Resources */,
				04527CB02BF5D45500E8218C /* Assets.xcassets in Resources */,
			);
			runOnlyForDeploymentPostprocessing = 0;
		};
/* End PBXResourcesBuildPhase section */

/* Begin PBXSourcesBuildPhase section */
		04527CA42BF5D45400E8218C /* Sources */ = {
			isa = PBXSourcesBuildPhase;
			buildActionMask = 2147483647;
			files = (
				04527CBD2BF5D5AC00E8218C /* AuthenticationManager.swift in Sources */,
				0443767A2C005BC500BA8C04 /* MainPageVM.swift in Sources */,
				04C6EAA92C089A4900858C29 /* ImagePicker.swift in Sources */,
				04C6EAA52C083A2000858C29 /* CreateFeedPage.swift in Sources */,
				04527CAE2BF5D45400E8218C /* ContentView.swift in Sources */,
				042633072C09849A00B2D495 /* LandingPageVM.swift in Sources */,
				04527CD22BF622BD00E8218C /* MainPage.swift in Sources */,
				04527CC42BF5D62F00E8218C /* SignUpPage.swift in Sources */,
				042633052C09848400B2D495 /* LandingPage.swift in Sources */,
				04C6EAA72C083A3E00858C29 /* FeedsPage.swift in Sources */,
				04C681512BF8FF1C006D3576 /* Settings.swift in Sources */,
				04527CC62BF5D63900E8218C /* LoginPage.swift in Sources */,
				04C6EAAB2C08C1D300858C29 /* FirebaseManager.swift in Sources */,
				04C06C272C0CC48C00F754D4 /* CreateFeedVM.swift in Sources */,
				04527CD02BF61E3900E8218C /* LoginVM.swift in Sources */,
				04527CCE2BF5DC6E00E8218C /* RootView.swift in Sources */,
				04C6EAA32C08399800858C29 /* FeedVM.swift in Sources */,
				04527CCA2BF5D67F00E8218C /* SignUpVM.swift in Sources */,
				04527CAC2BF5D45400E8218C /* ALP_MADApp.swift in Sources */,
			);
			runOnlyForDeploymentPostprocessing = 0;
		};
/* End PBXSourcesBuildPhase section */

/* Begin XCBuildConfiguration section */
		04527CB42BF5D45500E8218C /* Debug */ = {
			isa = XCBuildConfiguration;
			buildSettings = {
				ALWAYS_SEARCH_USER_PATHS = NO;
				ASSETCATALOG_COMPILER_GENERATE_SWIFT_ASSET_SYMBOL_EXTENSIONS = YES;
				CLANG_ANALYZER_NONNULL = YES;
				CLANG_ANALYZER_NUMBER_OBJECT_CONVERSION = YES_AGGRESSIVE;
				CLANG_CXX_LANGUAGE_STANDARD = "gnu++20";
				CLANG_ENABLE_MODULES = YES;
				CLANG_ENABLE_OBJC_ARC = YES;
				CLANG_ENABLE_OBJC_WEAK = YES;
				CLANG_WARN_BLOCK_CAPTURE_AUTORELEASING = YES;
				CLANG_WARN_BOOL_CONVERSION = YES;
				CLANG_WARN_COMMA = YES;
				CLANG_WARN_CONSTANT_CONVERSION = YES;
				CLANG_WARN_DEPRECATED_OBJC_IMPLEMENTATIONS = YES;
				CLANG_WARN_DIRECT_OBJC_ISA_USAGE = YES_ERROR;
				CLANG_WARN_DOCUMENTATION_COMMENTS = YES;
				CLANG_WARN_EMPTY_BODY = YES;
				CLANG_WARN_ENUM_CONVERSION = YES;
				CLANG_WARN_INFINITE_RECURSION = YES;
				CLANG_WARN_INT_CONVERSION = YES;
				CLANG_WARN_NON_LITERAL_NULL_CONVERSION = YES;
				CLANG_WARN_OBJC_IMPLICIT_RETAIN_SELF = YES;
				CLANG_WARN_OBJC_LITERAL_CONVERSION = YES;
				CLANG_WARN_OBJC_ROOT_CLASS = YES_ERROR;
				CLANG_WARN_QUOTED_INCLUDE_IN_FRAMEWORK_HEADER = YES;
				CLANG_WARN_RANGE_LOOP_ANALYSIS = YES;
				CLANG_WARN_STRICT_PROTOTYPES = YES;
				CLANG_WARN_SUSPICIOUS_MOVE = YES;
				CLANG_WARN_UNGUARDED_AVAILABILITY = YES_AGGRESSIVE;
				CLANG_WARN_UNREACHABLE_CODE = YES;
				CLANG_WARN__DUPLICATE_METHOD_MATCH = YES;
				COPY_PHASE_STRIP = NO;
				DEBUG_INFORMATION_FORMAT = dwarf;
				ENABLE_STRICT_OBJC_MSGSEND = YES;
				ENABLE_TESTABILITY = YES;
				ENABLE_USER_SCRIPT_SANDBOXING = YES;
				GCC_C_LANGUAGE_STANDARD = gnu17;
				GCC_DYNAMIC_NO_PIC = NO;
				GCC_NO_COMMON_BLOCKS = YES;
				GCC_OPTIMIZATION_LEVEL = 0;
				GCC_PREPROCESSOR_DEFINITIONS = (
					"DEBUG=1",
					"$(inherited)",
				);
				GCC_WARN_64_TO_32_BIT_CONVERSION = YES;
				GCC_WARN_ABOUT_RETURN_TYPE = YES_ERROR;
				GCC_WARN_UNDECLARED_SELECTOR = YES;
				GCC_WARN_UNINITIALIZED_AUTOS = YES_AGGRESSIVE;
				GCC_WARN_UNUSED_FUNCTION = YES;
				GCC_WARN_UNUSED_VARIABLE = YES;
				IPHONEOS_DEPLOYMENT_TARGET = 17.4;
				LOCALIZATION_PREFERS_STRING_CATALOGS = YES;
				MTL_ENABLE_DEBUG_INFO = INCLUDE_SOURCE;
				MTL_FAST_MATH = YES;
				ONLY_ACTIVE_ARCH = YES;
				SDKROOT = iphoneos;
				SWIFT_ACTIVE_COMPILATION_CONDITIONS = "DEBUG $(inherited)";
				SWIFT_OPTIMIZATION_LEVEL = "-Onone";
			};
			name = Debug;
		};
		04527CB52BF5D45500E8218C /* Release */ = {
			isa = XCBuildConfiguration;
			buildSettings = {
				ALWAYS_SEARCH_USER_PATHS = NO;
				ASSETCATALOG_COMPILER_GENERATE_SWIFT_ASSET_SYMBOL_EXTENSIONS = YES;
				CLANG_ANALYZER_NONNULL = YES;
				CLANG_ANALYZER_NUMBER_OBJECT_CONVERSION = YES_AGGRESSIVE;
				CLANG_CXX_LANGUAGE_STANDARD = "gnu++20";
				CLANG_ENABLE_MODULES = YES;
				CLANG_ENABLE_OBJC_ARC = YES;
				CLANG_ENABLE_OBJC_WEAK = YES;
				CLANG_WARN_BLOCK_CAPTURE_AUTORELEASING = YES;
				CLANG_WARN_BOOL_CONVERSION = YES;
				CLANG_WARN_COMMA = YES;
				CLANG_WARN_CONSTANT_CONVERSION = YES;
				CLANG_WARN_DEPRECATED_OBJC_IMPLEMENTATIONS = YES;
				CLANG_WARN_DIRECT_OBJC_ISA_USAGE = YES_ERROR;
				CLANG_WARN_DOCUMENTATION_COMMENTS = YES;
				CLANG_WARN_EMPTY_BODY = YES;
				CLANG_WARN_ENUM_CONVERSION = YES;
				CLANG_WARN_INFINITE_RECURSION = YES;
				CLANG_WARN_INT_CONVERSION = YES;
				CLANG_WARN_NON_LITERAL_NULL_CONVERSION = YES;
				CLANG_WARN_OBJC_IMPLICIT_RETAIN_SELF = YES;
				CLANG_WARN_OBJC_LITERAL_CONVERSION = YES;
				CLANG_WARN_OBJC_ROOT_CLASS = YES_ERROR;
				CLANG_WARN_QUOTED_INCLUDE_IN_FRAMEWORK_HEADER = YES;
				CLANG_WARN_RANGE_LOOP_ANALYSIS = YES;
				CLANG_WARN_STRICT_PROTOTYPES = YES;
				CLANG_WARN_SUSPICIOUS_MOVE = YES;
				CLANG_WARN_UNGUARDED_AVAILABILITY = YES_AGGRESSIVE;
				CLANG_WARN_UNREACHABLE_CODE = YES;
				CLANG_WARN__DUPLICATE_METHOD_MATCH = YES;
				COPY_PHASE_STRIP = NO;
				DEBUG_INFORMATION_FORMAT = "dwarf-with-dsym";
				ENABLE_NS_ASSERTIONS = NO;
				ENABLE_STRICT_OBJC_MSGSEND = YES;
				ENABLE_USER_SCRIPT_SANDBOXING = YES;
				GCC_C_LANGUAGE_STANDARD = gnu17;
				GCC_NO_COMMON_BLOCKS = YES;
				GCC_WARN_64_TO_32_BIT_CONVERSION = YES;
				GCC_WARN_ABOUT_RETURN_TYPE = YES_ERROR;
				GCC_WARN_UNDECLARED_SELECTOR = YES;
				GCC_WARN_UNINITIALIZED_AUTOS = YES_AGGRESSIVE;
				GCC_WARN_UNUSED_FUNCTION = YES;
				GCC_WARN_UNUSED_VARIABLE = YES;
				IPHONEOS_DEPLOYMENT_TARGET = 17.4;
				LOCALIZATION_PREFERS_STRING_CATALOGS = YES;
				MTL_ENABLE_DEBUG_INFO = NO;
				MTL_FAST_MATH = YES;
				SDKROOT = iphoneos;
				SWIFT_COMPILATION_MODE = wholemodule;
				VALIDATE_PRODUCT = YES;
			};
			name = Release;
		};
		04527CB72BF5D45500E8218C /* Debug */ = {
			isa = XCBuildConfiguration;
			buildSettings = {
				ASSETCATALOG_COMPILER_APPICON_NAME = AppIcon;
				ASSETCATALOG_COMPILER_GLOBAL_ACCENT_COLOR_NAME = AccentColor;
				CODE_SIGN_ENTITLEMENTS = ALP_MAD/ALP_MAD.entitlements;
				CODE_SIGN_IDENTITY = "Apple Development";
				CODE_SIGN_STYLE = Automatic;
				CURRENT_PROJECT_VERSION = 1;
				DEVELOPMENT_ASSET_PATHS = "\"ALP_MAD/Preview Content\"";
				DEVELOPMENT_TEAM = XMQM37XSCD;
				ENABLE_PREVIEWS = YES;
				GENERATE_INFOPLIST_FILE = YES;
				INFOPLIST_FILE = "ALP-MAD-Info.plist";
				INFOPLIST_KEY_NSLocationWhenInUseUsageDescription = "";
				INFOPLIST_KEY_UIApplicationSceneManifest_Generation = YES;
				INFOPLIST_KEY_UIApplicationSupportsIndirectInputEvents = YES;
				INFOPLIST_KEY_UILaunchScreen_Generation = YES;
				INFOPLIST_KEY_UISupportedInterfaceOrientations_iPad = "UIInterfaceOrientationPortrait UIInterfaceOrientationPortraitUpsideDown UIInterfaceOrientationLandscapeLeft UIInterfaceOrientationLandscapeRight";
				INFOPLIST_KEY_UISupportedInterfaceOrientations_iPhone = "UIInterfaceOrientationPortrait UIInterfaceOrientationLandscapeLeft UIInterfaceOrientationLandscapeRight";
				IPHONEOS_DEPLOYMENT_TARGET = 17.2;
				LD_RUNPATH_SEARCH_PATHS = (
					"$(inherited)",
					"@executable_path/Frameworks",
				);
				MARKETING_VERSION = 1.0;
				PRODUCT_BUNDLE_IDENTIFIER = "com.test.ALP-MAD";
				PRODUCT_NAME = HeartLink;
				PROVISIONING_PROFILE_SPECIFIER = "";
				SWIFT_EMIT_LOC_STRINGS = YES;
				SWIFT_VERSION = 5.0;
				TARGETED_DEVICE_FAMILY = "1,2";
			};
			name = Debug;
		};
		04527CB82BF5D45500E8218C /* Release */ = {
			isa = XCBuildConfiguration;
			buildSettings = {
				ASSETCATALOG_COMPILER_APPICON_NAME = AppIcon;
				ASSETCATALOG_COMPILER_GLOBAL_ACCENT_COLOR_NAME = AccentColor;
				CODE_SIGN_ENTITLEMENTS = ALP_MAD/ALP_MAD.entitlements;
				CODE_SIGN_IDENTITY = "Apple Development";
				CODE_SIGN_STYLE = Automatic;
				CURRENT_PROJECT_VERSION = 1;
				DEVELOPMENT_ASSET_PATHS = "\"ALP_MAD/Preview Content\"";
				DEVELOPMENT_TEAM = XMQM37XSCD;
				ENABLE_PREVIEWS = YES;
				GENERATE_INFOPLIST_FILE = YES;
				INFOPLIST_FILE = "ALP-MAD-Info.plist";
				INFOPLIST_KEY_NSLocationWhenInUseUsageDescription = "";
				INFOPLIST_KEY_UIApplicationSceneManifest_Generation = YES;
				INFOPLIST_KEY_UIApplicationSupportsIndirectInputEvents = YES;
				INFOPLIST_KEY_UILaunchScreen_Generation = YES;
				INFOPLIST_KEY_UISupportedInterfaceOrientations_iPad = "UIInterfaceOrientationPortrait UIInterfaceOrientationPortraitUpsideDown UIInterfaceOrientationLandscapeLeft UIInterfaceOrientationLandscapeRight";
				INFOPLIST_KEY_UISupportedInterfaceOrientations_iPhone = "UIInterfaceOrientationPortrait UIInterfaceOrientationLandscapeLeft UIInterfaceOrientationLandscapeRight";
				IPHONEOS_DEPLOYMENT_TARGET = 17.2;
				LD_RUNPATH_SEARCH_PATHS = (
					"$(inherited)",
					"@executable_path/Frameworks",
				);
				MARKETING_VERSION = 1.0;
				PRODUCT_BUNDLE_IDENTIFIER = "com.test.ALP-MAD";
				PRODUCT_NAME = HeartLink;
				PROVISIONING_PROFILE_SPECIFIER = "";
				SWIFT_EMIT_LOC_STRINGS = YES;
				SWIFT_VERSION = 5.0;
				TARGETED_DEVICE_FAMILY = "1,2";
			};
			name = Release;
		};
/* End XCBuildConfiguration section */

/* Begin XCConfigurationList section */
		04527CA32BF5D45400E8218C /* Build configuration list for PBXProject "ALP_MAD" */ = {
			isa = XCConfigurationList;
			buildConfigurations = (
				04527CB42BF5D45500E8218C /* Debug */,
				04527CB52BF5D45500E8218C /* Release */,
			);
			defaultConfigurationIsVisible = 0;
			defaultConfigurationName = Release;
		};
		04527CB62BF5D45500E8218C /* Build configuration list for PBXNativeTarget "ALP_MAD" */ = {
			isa = XCConfigurationList;
			buildConfigurations = (
				04527CB72BF5D45500E8218C /* Debug */,
				04527CB82BF5D45500E8218C /* Release */,
			);
			defaultConfigurationIsVisible = 0;
			defaultConfigurationName = Release;
		};
/* End XCConfigurationList section */

/* Begin XCRemoteSwiftPackageReference section */
		045F18982C09618100C080C2 /* XCRemoteSwiftPackageReference "firebase-ios-sdk" */ = {
			isa = XCRemoteSwiftPackageReference;
			repositoryURL = "https://github.com/firebase/firebase-ios-sdk";
			requirement = {
				kind = upToNextMajorVersion;
				minimumVersion = 10.27.0;
			};
		};
/* End XCRemoteSwiftPackageReference section */

/* Begin XCSwiftPackageProductDependency section */
		0468FB812C0998150031ABDF /* FirebaseAuth */ = {
			isa = XCSwiftPackageProductDependency;
			package = 045F18982C09618100C080C2 /* XCRemoteSwiftPackageReference "firebase-ios-sdk" */;
			productName = FirebaseAuth;
		};
		0468FB832C0998150031ABDF /* FirebaseFirestore */ = {
			isa = XCSwiftPackageProductDependency;
			package = 045F18982C09618100C080C2 /* XCRemoteSwiftPackageReference "firebase-ios-sdk" */;
			productName = FirebaseFirestore;
		};
		0468FB852C0998150031ABDF /* FirebaseStorage */ = {
			isa = XCSwiftPackageProductDependency;
			package = 045F18982C09618100C080C2 /* XCRemoteSwiftPackageReference "firebase-ios-sdk" */;
			productName = FirebaseStorage;
		};
/* End XCSwiftPackageProductDependency section */
	};
	rootObject = 04527CA02BF5D45400E8218C /* Project object */;
}
